
Microsoft Visual Studio Solution File, Format Version 12.00
# Visual Studio Version 17
VisualStudioVersion = 17.8.34330.188
MinimumVisualStudioVersion = 10.0.40219.1
Project("{00D1A9C2-B5F0-4AF3-8072-F6C62B433612}") = "Database1", "Database1.sqlproj", "{71521B21-9ADA-464F-B8AC-95EBAF1E963F}"
EndProject
Global
	GlobalSection(SolutionConfigurationPlatforms) = preSolution
		Debug|Any CPU = Debug|Any CPU
		Release|Any CPU = Release|Any CPU
	EndGlobalSection
	GlobalSection(ProjectConfigurationPlatforms) = postSolution
		{71521B21-9ADA-464F-B8AC-95EBAF1E963F}.Debug|Any CPU.ActiveCfg = Debug|Any CPU
		{71521B21-9ADA-464F-B8AC-95EBAF1E963F}.Debug|Any CPU.Build.0 = Debug|Any CPU
		{71521B21-9ADA-464F-B8AC-95EBAF1E963F}.Debug|Any CPU.Deploy.0 = Debug|Any CPU
		{71521B21-9ADA-464F-B8AC-95EBAF1E963F}.Release|Any CPU.ActiveCfg = Release|Any CPU
		{71521B21-9ADA-464F-B8AC-95EBAF1E963F}.Release|Any CPU.Build.0 = Release|Any CPU
		{71521B21-9ADA-464F-B8AC-95EBAF1E963F}.Release|Any CPU.Deploy.0 = Release|Any CPU
	EndGlobalSection
	GlobalSection(SolutionProperties) = preSolution
		HideSolutionNode = FALSE
	EndGlobalSection
	GlobalSection(ExtensibilityGlobals) = postSolution
		SolutionGuid = {848D08B7-2582-4E78-81A0-6F4157B82C0B}
	EndGlobalSection
EndGlobal
